
Microsoft Visual Studio Solution File, Format Version 12.00
# Visual Studio Version 17
VisualStudioVersion = 17.12.35527.113 d17.12
MinimumVisualStudioVersion = 10.0.40219.1
Project("{FAE04EC0-301F-11D3-BF4B-00C04F79EFBC}") = "GitHubActionsLab", "GitHubActionsLab.csproj", "{3CA8A435-AFC3-4085-B013-5112398A22C9}"
EndProject
Project("{FAE04EC0-301F-11D3-BF4B-00C04F79EFBC}") = "GitHubActionsLabTests", "..\GitHubActionsLabTests\GitHubActionsLabTests.csproj", "{C35CD73B-1185-4894-991E-C5E59FA6370F}"
EndProject
Global
	GlobalSection(SolutionConfigurationPlatforms) = preSolution
		Debug|Any CPU = Debug|Any CPU
		Release|Any CPU = Release|Any CPU
	EndGlobalSection
	GlobalSection(ProjectConfigurationPlatforms) = postSolution
		{3CA8A435-AFC3-4085-B013-5112398A22C9}.Debug|Any CPU.ActiveCfg = Debug|Any CPU
		{3CA8A435-AFC3-4085-B013-5112398A22C9}.Debug|Any CPU.Build.0 = Debug|Any CPU
		{3CA8A435-AFC3-4085-B013-5112398A22C9}.Release|Any CPU.ActiveCfg = Release|Any CPU
		{3CA8A435-AFC3-4085-B013-5112398A22C9}.Release|Any CPU.Build.0 = Release|Any CPU
		{C35CD73B-1185-4894-991E-C5E59FA6370F}.Debug|Any CPU.ActiveCfg = Debug|Any CPU
		{C35CD73B-1185-4894-991E-C5E59FA6370F}.Debug|Any CPU.Build.0 = Debug|Any CPU
		{C35CD73B-1185-4894-991E-C5E59FA6370F}.Release|Any CPU.ActiveCfg = Release|Any CPU
		{C35CD73B-1185-4894-991E-C5E59FA6370F}.Release|Any CPU.Build.0 = Release|Any CPU
	EndGlobalSection
	GlobalSection(SolutionProperties) = preSolution
		HideSolutionNode = FALSE
	EndGlobalSection
EndGlobal
